// !$*UTF8*$!
{
	archiveVersion = 1;
	classes = {
	};
	objectVersion = 48;
	objects = {

/* Begin PBXBuildFile section */
		9748E5811F7AFE5F00A9E713 /* AppDelegate.swift in Sources */ = {isa = PBXBuildFile; fileRef = 9748E5801F7AFE5F00A9E713 /* AppDelegate.swift */; };
		9748E5831F7AFE5F00A9E713 /* ViewController.swift in Sources */ = {isa = PBXBuildFile; fileRef = 9748E5821F7AFE5F00A9E713 /* ViewController.swift */; };
		9748E5881F7AFE5F00A9E713 /* Assets.xcassets in Resources */ = {isa = PBXBuildFile; fileRef = 9748E5871F7AFE5F00A9E713 /* Assets.xcassets */; };
		9748E58B1F7AFE5F00A9E713 /* LaunchScreen.storyboard in Resources */ = {isa = PBXBuildFile; fileRef = 9748E5891F7AFE5F00A9E713 /* LaunchScreen.storyboard */; };
		9750EC931F7B0A8C008455C2 /* TopPostView.swift in Sources */ = {isa = PBXBuildFile; fileRef = 9750EC921F7B0A8C008455C2 /* TopPostView.swift */; };
		9750EC971F7B0E4A008455C2 /* PostTableViewCell.swift in Sources */ = {isa = PBXBuildFile; fileRef = 9750EC961F7B0E4A008455C2 /* PostTableViewCell.swift */; };
/* End PBXBuildFile section */

/* Begin PBXFileReference section */
		9748E57D1F7AFE5F00A9E713 /* Instagram2x.app */ = {isa = PBXFileReference; explicitFileType = wrapper.application; includeInIndex = 0; path = Instagram2x.app; sourceTree = BUILT_PRODUCTS_DIR; };
		9748E5801F7AFE5F00A9E713 /* AppDelegate.swift */ = {isa = PBXFileReference; lastKnownFileType = sourcecode.swift; path = AppDelegate.swift; sourceTree = "<group>"; };
		9748E5821F7AFE5F00A9E713 /* ViewController.swift */ = {isa = PBXFileReference; lastKnownFileType = sourcecode.swift; path = ViewController.swift; sourceTree = "<group>"; };
		9748E5871F7AFE5F00A9E713 /* Assets.xcassets */ = {isa = PBXFileReference; lastKnownFileType = folder.assetcatalog; path = Assets.xcassets; sourceTree = "<group>"; };
		9748E58A1F7AFE5F00A9E713 /* Base */ = {isa = PBXFileReference; lastKnownFileType = file.storyboard; name = Base; path = Base.lproj/LaunchScreen.storyboard; sourceTree = "<group>"; };
		9748E58C1F7AFE5F00A9E713 /* Info.plist */ = {isa = PBXFileReference; lastKnownFileType = text.plist.xml; path = Info.plist; sourceTree = "<group>"; };
		9750EC921F7B0A8C008455C2 /* TopPostView.swift */ = {isa = PBXFileReference; lastKnownFileType = sourcecode.swift; path = TopPostView.swift; sourceTree = "<group>"; };
		9750EC961F7B0E4A008455C2 /* PostTableViewCell.swift */ = {isa = PBXFileReference; lastKnownFileType = sourcecode.swift; path = PostTableViewCell.swift; sourceTree = "<group>"; };
/* End PBXFileReference section */

/* Begin PBXFrameworksBuildPhase section */
		9748E57A1F7AFE5F00A9E713 /* Frameworks */ = {
			isa = PBXFrameworksBuildPhase;
			buildActionMask = 2147483647;
			files = (
			);
			runOnlyForDeploymentPostprocessing = 0;
		};
/* End PBXFrameworksBuildPhase section */

/* Begin PBXGroup section */
		9748E5741F7AFE5F00A9E713 = {
			isa = PBXGroup;
			children = (
				9748E57F1F7AFE5F00A9E713 /* Instagram2x */,
				9748E57E1F7AFE5F00A9E713 /* Products */,
			);
			sourceTree = "<group>";
		};
		9748E57E1F7AFE5F00A9E713 /* Products */ = {
			isa = PBXGroup;
			children = (
				9748E57D1F7AFE5F00A9E713 /* Instagram2x.app */,
			);
			name = Products;
			sourceTree = "<group>";
		};
		9748E57F1F7AFE5F00A9E713 /* Instagram2x */ = {
			isa = PBXGroup;
			children = (
				9750EC991F7B0E5B008455C2 /* Views */,
				9750EC981F7B0E4E008455C2 /* Controllers */,
				9748E5801F7AFE5F00A9E713 /* AppDelegate.swift */,
				9748E5871F7AFE5F00A9E713 /* Assets.xcassets */,
				9748E5891F7AFE5F00A9E713 /* LaunchScreen.storyboard */,
				9748E58C1F7AFE5F00A9E713 /* Info.plist */,
			);
			path = Instagram2x;
			sourceTree = "<group>";
		};
		9750EC981F7B0E4E008455C2 /* Controllers */ = {
			isa = PBXGroup;
			children = (
				9750EC9A1F7B0E6A008455C2 /* PostFeed */,
			);
			path = Controllers;
			sourceTree = "<group>";
		};
		9750EC991F7B0E5B008455C2 /* Views */ = {
			isa = PBXGroup;
			children = (
				9750EC921F7B0A8C008455C2 /* TopPostView.swift */,
			);
			path = Views;
			sourceTree = "<group>";
		};
		9750EC9A1F7B0E6A008455C2 /* PostFeed */ = {
			isa = PBXGroup;
			children = (
				9748E5821F7AFE5F00A9E713 /* ViewController.swift */,
				9750EC961F7B0E4A008455C2 /* PostTableViewCell.swift */,
			);
			path = PostFeed;
			sourceTree = "<group>";
		};
/* End PBXGroup section */

/* Begin PBXNativeTarget section */
		9748E57C1F7AFE5F00A9E713 /* Instagram2x */ = {
			isa = PBXNativeTarget;
			buildConfigurationList = 9748E58F1F7AFE5F00A9E713 /* Build configuration list for PBXNativeTarget "Instagram2x" */;
			buildPhases = (
				9748E5791F7AFE5F00A9E713 /* Sources */,
				9748E57A1F7AFE5F00A9E713 /* Frameworks */,
				9748E57B1F7AFE5F00A9E713 /* Resources */,
			);
			buildRules = (
			);
			dependencies = (
			);
			name = Instagram2x;
			productName = Instagram2x;
			productReference = 9748E57D1F7AFE5F00A9E713 /* Instagram2x.app */;
			productType = "com.apple.product-type.application";
		};
/* End PBXNativeTarget section */

/* Begin PBXProject section */
		9748E5751F7AFE5F00A9E713 /* Project object */ = {
			isa = PBXProject;
			attributes = {
				LastSwiftUpdateCheck = 0900;
				LastUpgradeCheck = 0900;
				ORGANIZATIONNAME = CloudApp;
				TargetAttributes = {
					9748E57C1F7AFE5F00A9E713 = {
						CreatedOnToolsVersion = 9.0;
						ProvisioningStyle = Automatic;
					};
				};
			};
			buildConfigurationList = 9748E5781F7AFE5F00A9E713 /* Build configuration list for PBXProject "Instagram2x" */;
			compatibilityVersion = "Xcode 8.0";
			developmentRegion = en;
			hasScannedForEncodings = 0;
			knownRegions = (
				en,
				Base,
			);
			mainGroup = 9748E5741F7AFE5F00A9E713;
			productRefGroup = 9748E57E1F7AFE5F00A9E713 /* Products */;
			projectDirPath = "";
			projectRoot = "";
			targets = (
				9748E57C1F7AFE5F00A9E713 /* Instagram2x */,
			);
		};
/* End PBXProject section */

/* Begin PBXResourcesBuildPhase section */
		9748E57B1F7AFE5F00A9E713 /* Resources */ = {
			isa = PBXResourcesBuildPhase;
			buildActionMask = 2147483647;
			files = (
				9748E58B1F7AFE5F00A9E713 /* LaunchScreen.storyboard in Resources */,
				9748E5881F7AFE5F00A9E713 /* Assets.xcassets in Resources */,
			);
			runOnlyForDeploymentPostprocessing = 0;
		};
/* End PBXResourcesBuildPhase section */

/* Begin PBXSourcesBuildPhase section */
		9748E5791F7AFE5F00A9E713 /* Sources */ = {
			isa = PBXSourcesBuildPhase;
			buildActionMask = 2147483647;
			files = (
				9750EC931F7B0A8C008455C2 /* TopPostView.swift in Sources */,
				9748E5831F7AFE5F00A9E713 /* ViewController.swift in Sources */,
				9748E5811F7AFE5F00A9E713 /* AppDelegate.swift in Sources */,
				9750EC971F7B0E4A008455C2 /* PostTableViewCell.swift in Sources */,
			);
			runOnlyForDeploymentPostprocessing = 0;
		};
/* End PBXSourcesBuildPhase section */

/* Begin PBXVariantGroup section */
		9748E5891F7AFE5F00A9E713 /* LaunchScreen.storyboard */ = {
			isa = PBXVariantGroup;
			children = (
				9748E58A1F7AFE5F00A9E713 /* Base */,
			);
			name = LaunchScreen.storyboard;
			sourceTree = "<group>";
		};
/* End PBXVariantGroup section */

/* Begin XCBuildConfiguration section */
		9748E58D1F7AFE5F00A9E713 /* Debug */ = {
			isa = XCBuildConfiguration;
			buildSettings = {
				ALWAYS_SEARCH_USER_PATHS = NO;
				CLANG_ANALYZER_NONNULL = YES;
				CLANG_ANALYZER_NUMBER_OBJECT_CONVERSION = YES_AGGRESSIVE;
				CLANG_CXX_LANGUAGE_STANDARD = "gnu++14";
				CLANG_CXX_LIBRARY = "libc++";
				CLANG_ENABLE_MODULES = YES;
				CLANG_ENABLE_OBJC_ARC = YES;
				CLANG_WARN_BLOCK_CAPTURE_AUTORELEASING = YES;
				CLANG_WARN_BOOL_CONVERSION = YES;
				CLANG_WARN_COMMA = YES;
				CLANG_WARN_CONSTANT_CONVERSION = YES;
				CLANG_WARN_DIRECT_OBJC_ISA_USAGE = YES_ERROR;
				CLANG_WARN_DOCUMENTATION_COMMENTS = YES;
				CLANG_WARN_EMPTY_BODY = YES;
				CLANG_WARN_ENUM_CONVERSION = YES;
				CLANG_WARN_INFINITE_RECURSION = YES;
				CLANG_WARN_INT_CONVERSION = YES;
				CLANG_WARN_NON_LITERAL_NULL_CONVERSION = YES;
				CLANG_WARN_OBJC_LITERAL_CONVERSION = YES;
				CLANG_WARN_OBJC_ROOT_CLASS = YES_ERROR;
				CLANG_WARN_RANGE_LOOP_ANALYSIS = YES;
				CLANG_WARN_STRICT_PROTOTYPES = YES;
				CLANG_WARN_SUSPICIOUS_MOVE = YES;
				CLANG_WARN_UNGUARDED_AVAILABILITY = YES_AGGRESSIVE;
				CLANG_WARN_UNREACHABLE_CODE = YES;
				CLANG_WARN__DUPLICATE_METHOD_MATCH = YES;
				CODE_SIGN_IDENTITY = "iPhone Developer";
				COPY_PHASE_STRIP = NO;
				DEBUG_INFORMATION_FORMAT = dwarf;
				ENABLE_STRICT_OBJC_MSGSEND = YES;
				ENABLE_TESTABILITY = YES;
				GCC_C_LANGUAGE_STANDARD = gnu11;
				GCC_DYNAMIC_NO_PIC = NO;
				GCC_NO_COMMON_BLOCKS = YES;
				GCC_OPTIMIZATION_LEVEL = 0;
				GCC_PREPROCESSOR_DEFINITIONS = (
					"DEBUG=1",
					"$(inherited)",
				);
				GCC_WARN_64_TO_32_BIT_CONVERSION = YES;
				GCC_WARN_ABOUT_RETURN_TYPE = YES_ERROR;
				GCC_WARN_UNDECLARED_SELECTOR = YES;
				GCC_WARN_UNINITIALIZED_AUTOS = YES_AGGRESSIVE;
				GCC_WARN_UNUSED_FUNCTION = YES;
				GCC_WARN_UNUSED_VARIABLE = YES;
				IPHONEOS_DEPLOYMENT_TARGET = 11.0;
				MTL_ENABLE_DEBUG_INFO = YES;
				ONLY_ACTIVE_ARCH = YES;
				SDKROOT = iphoneos;
				SWIFT_ACTIVE_COMPILATION_CONDITIONS = DEBUG;
				SWIFT_OPTIMIZATION_LEVEL = "-Onone";
			};
			name = Debug;
		};
		9748E58E1F7AFE5F00A9E713 /* Release */ = {
			isa = XCBuildConfiguration;
			buildSettings = {
				ALWAYS_SEARCH_USER_PATHS = NO;
				CLANG_ANALYZER_NONNULL = YES;
				CLANG_ANALYZER_NUMBER_OBJECT_CONVERSION = YES_AGGRESSIVE;
				CLANG_CXX_LANGUAGE_STANDARD = "gnu++14";
				CLANG_CXX_LIBRARY = "libc++";
				CLANG_ENABLE_MODULES = YES;
				CLANG_ENABLE_OBJC_ARC = YES;
				CLANG_WARN_BLOCK_CAPTURE_AUTORELEASING = YES;
				CLANG_WARN_BOOL_CONVERSION = YES;
				CLANG_WARN_COMMA = YES;
				CLANG_WARN_CONSTANT_CONVERSION = YES;
				CLANG_WARN_DIRECT_OBJC_ISA_USAGE = YES_ERROR;
				CLANG_WARN_DOCUMENTATION_COMMENTS = YES;
				CLANG_WARN_EMPTY_BODY = YES;
				CLANG_WARN_ENUM_CONVERSION = YES;
				CLANG_WARN_INFINITE_RECURSION = YES;
				CLANG_WARN_INT_CONVERSION = YES;
				CLANG_WARN_NON_LITERAL_NULL_CONVERSION = YES;
				CLANG_WARN_OBJC_LITERAL_CONVERSION = YES;
				CLANG_WARN_OBJC_ROOT_CLASS = YES_ERROR;
				CLANG_WARN_RANGE_LOOP_ANALYSIS = YES;
				CLANG_WARN_STRICT_PROTOTYPES = YES;
				CLANG_WARN_SUSPICIOUS_MOVE = YES;
				CLANG_WARN_UNGUARDED_AVAILABILITY = YES_AGGRESSIVE;
				CLANG_WARN_UNREACHABLE_CODE = YES;
				CLANG_WARN__DUPLICATE_METHOD_MATCH = YES;
				CODE_SIGN_IDENTITY = "iPhone Developer";
				COPY_PHASE_STRIP = NO;
				DEBUG_INFORMATION_FORMAT = "dwarf-with-dsym";
				ENABLE_NS_ASSERTIONS = NO;
				ENABLE_STRICT_OBJC_MSGSEND = YES;
				GCC_C_LANGUAGE_STANDARD = gnu11;
				GCC_NO_COMMON_BLOCKS = YES;
				GCC_WARN_64_TO_32_BIT_CONVERSION = YES;
				GCC_WARN_ABOUT_RETURN_TYPE = YES_ERROR;
				GCC_WARN_UNDECLARED_SELECTOR = YES;
				GCC_WARN_UNINITIALIZED_AUTOS = YES_AGGRESSIVE;
				GCC_WARN_UNUSED_FUNCTION = YES;
				GCC_WARN_UNUSED_VARIABLE = YES;
				IPHONEOS_DEPLOYMENT_TARGET = 11.0;
				MTL_ENABLE_DEBUG_INFO = NO;
				SDKROOT = iphoneos;
				SWIFT_OPTIMIZATION_LEVEL = "-Owholemodule";
				VALIDATE_PRODUCT = YES;
			};
			name = Release;
		};
		9748E5901F7AFE5F00A9E713 /* Debug */ = {
			isa = XCBuildConfiguration;
			buildSettings = {
				ASSETCATALOG_COMPILER_APPICON_NAME = AppIcon;
				CODE_SIGN_STYLE = Automatic;
				DEVELOPMENT_TEAM = 6F57373V52;
				INFOPLIST_FILE = Instagram2x/Info.plist;
				LD_RUNPATH_SEARCH_PATHS = "$(inherited) @executable_path/Frameworks";
				PRODUCT_BUNDLE_IDENTIFIER = com.CloudApp.Instagram2x;
				PRODUCT_NAME = "$(TARGET_NAME)";
				SWIFT_VERSION = 4.0;
				TARGETED_DEVICE_FAMILY = "1,2";
			};
			name = Debug;
		};
		9748E5911F7AFE5F00A9E713 /* Release */ = {
			isa = XCBuildConfiguration;
			buildSettings = {
				ASSETCATALOG_COMPILER_APPICON_NAME = AppIcon;
				CODE_SIGN_STYLE = Automatic;
				DEVELOPMENT_TEAM = 6F57373V52;
				INFOPLIST_FILE = Instagram2x/Info.plist;
				LD_RUNPATH_SEARCH_PATHS = "$(inherited) @executable_path/Frameworks";
				PRODUCT_BUNDLE_IDENTIFIER = com.CloudApp.Instagram2x;
				PRODUCT_NAME = "$(TARGET_NAME)";
				SWIFT_VERSION = 4.0;
				TARGETED_DEVICE_FAMILY = "1,2";
			};
			name = Release;
		};
/* End XCBuildConfiguration section */

/* Begin XCConfigurationList section */
		9748E5781F7AFE5F00A9E713 /* Build configuration list for PBXProject "Instagram2x" */ = {
			isa = XCConfigurationList;
			buildConfigurations = (
				9748E58D1F7AFE5F00A9E713 /* Debug */,
				9748E58E1F7AFE5F00A9E713 /* Release */,
			);
			defaultConfigurationIsVisible = 0;
			defaultConfigurationName = Release;
		};
		9748E58F1F7AFE5F00A9E713 /* Build configuration list for PBXNativeTarget "Instagram2x" */ = {
			isa = XCConfigurationList;
			buildConfigurations = (
				9748E5901F7AFE5F00A9E713 /* Debug */,
				9748E5911F7AFE5F00A9E713 /* Release */,
			);
			defaultConfigurationIsVisible = 0;
			defaultConfigurationName = Release;
		};
/* End XCConfigurationList section */
	};
	rootObject = 9748E5751F7AFE5F00A9E713 /* Project object */;
}
